
Microsoft Visual Studio Solution File, Format Version 12.00
# Visual Studio Version 16
VisualStudioVersion = 16.0.30503.244
MinimumVisualStudioVersion = 10.0.40219.1
Project("{FAE04EC0-301F-11D3-BF4B-00C04F79EFBC}") = "PluginDemo", "PluginDemo.csproj", "{F2D44DC1-483C-4249-AD8F-96F7FB45F737}"
EndProject
Global
	GlobalSection(SolutionConfigurationPlatforms) = preSolution
		Debug|Any CPU = Debug|Any CPU
		Release|Any CPU = Release|Any CPU
	EndGlobalSection
	GlobalSection(ProjectConfigurationPlatforms) = postSolution
		{F2D44DC1-483C-4249-AD8F-96F7FB45F737}.Debug|Any CPU.ActiveCfg = Debug|Any CPU
		{F2D44DC1-483C-4249-AD8F-96F7FB45F737}.Debug|Any CPU.Build.0 = Debug|Any CPU
		{F2D44DC1-483C-4249-AD8F-96F7FB45F737}.Release|Any CPU.ActiveCfg = Release|Any CPU
		{F2D44DC1-483C-4249-AD8F-96F7FB45F737}.Release|Any CPU.Build.0 = Release|Any CPU
	EndGlobalSection
	GlobalSection(SolutionProperties) = preSolution
		HideSolutionNode = FALSE
	EndGlobalSection
	GlobalSection(ExtensibilityGlobals) = postSolution
		SolutionGuid = {5A3071CC-2446-486B-AA06-FDB8C807A531}
	EndGlobalSection
EndGlobal
